
Microsoft Visual Studio Solution File, Format Version 12.00
# Visual Studio 14
VisualStudioVersion = 14.0.25420.1
MinimumVisualStudioVersion = 10.0.40219.1
Project("{FAE04EC0-301F-11D3-BF4B-00C04F79EFBC}") = "manage", "manage\manage.csproj", "{D879041A-67B9-4948-A17A-7C4F3BB43363}"
EndProject
Global
	GlobalSection(SolutionConfigurationPlatforms) = preSolution
		Debug|Any CPU = Debug|Any CPU
		Release|Any CPU = Release|Any CPU
	EndGlobalSection
	GlobalSection(ProjectConfigurationPlatforms) = postSolution
		{D879041A-67B9-4948-A17A-7C4F3BB43363}.Debug|Any CPU.ActiveCfg = Debug|Any CPU
		{D879041A-67B9-4948-A17A-7C4F3BB43363}.Debug|Any CPU.Build.0 = Debug|Any CPU
		{D879041A-67B9-4948-A17A-7C4F3BB43363}.Release|Any CPU.ActiveCfg = Release|Any CPU
		{D879041A-67B9-4948-A17A-7C4F3BB43363}.Release|Any CPU.Build.0 = Release|Any CPU
	EndGlobalSection
	GlobalSection(SolutionProperties) = preSolution
		HideSolutionNode = FALSE
	EndGlobalSection
EndGlobal
